PODS:
  - CropViewController (2.6.0)
  - DXImagePicker (0.0.2):
    - CropViewController (~> 2.6.0)
    - TZImagePickerController (~> 3.6.6)
  - TZImagePickerController (3.6.6)

DEPENDENCIES:
  - CropViewController (~> 2.6.0)
  - DXImagePicker (from `../`)
  - TZImagePickerController (~> 3.6.6)

SPEC REPOS:
  trunk:
    - CropViewController
    - TZImagePickerController

EXTERNAL SOURCES:
  DXImagePicker:
    :path: "../"

SPEC CHECKSUMS:
  CropViewController: 7093b39ec3cb508531b22d35773e06cecd7378d8
  DXImagePicker: f53528bf1576076c0816eadf58ec1ec8e7fd139a
  TZImagePickerController: edf61b8e87f26e3e445aa50eb66254bd7f4859db

PODFILE CHECKSUM: 1c9d95543dbe7312c3282d5738dea5291c96ea35

COCOAPODS: 1.11.2
